<Solution>
  <Folder Name="/src/">
    <Project Path="src/AssetManagementService/AssetManagementService.csproj" />
    <Project Path="src/Contracts/Contracts.csproj" />
    <Project Path="src/ReservationService/ReservationService.csproj" />
  </Folder>
  <Folder Name="/tests/">
    <Project Path="tests/AssetManagementService.Tests/AssetManagementService.Tests.csproj" />
    <Project Path="tests/ReservationService.Tests/ReservationService.Tests.csproj" />
  </Folder>
</Solution>
